
Microsoft Visual Studio Solution File, Format Version 12.00
# Visual Studio Version 16
VisualStudioVersion = 16.0.31005.135
MinimumVisualStudioVersion = 10.0.40219.1
Project("{FAE04EC0-301F-11D3-BF4B-00C04F79EFBC}") = "Lab1", "Lab1.csproj", "{12176F12-6B5B-43D3-8A87-CACF23680A22}"
EndProject
Global
	GlobalSection(SolutionConfigurationPlatforms) = preSolution
		Debug|Any CPU = Debug|Any CPU
		Release|Any CPU = Release|Any CPU
	EndGlobalSection
	GlobalSection(ProjectConfigurationPlatforms) = postSolution
		{12176F12-6B5B-43D3-8A87-CACF23680A22}.Debug|Any CPU.ActiveCfg = Debug|Any CPU
		{12176F12-6B5B-43D3-8A87-CACF23680A22}.Debug|Any CPU.Build.0 = Debug|Any CPU
		{12176F12-6B5B-43D3-8A87-CACF23680A22}.Release|Any CPU.ActiveCfg = Release|Any CPU
		{12176F12-6B5B-43D3-8A87-CACF23680A22}.Release|Any CPU.Build.0 = Release|Any CPU
	EndGlobalSection
	GlobalSection(SolutionProperties) = preSolution
		HideSolutionNode = FALSE
	EndGlobalSection
	GlobalSection(ExtensibilityGlobals) = postSolution
		SolutionGuid = {FC7AEF93-130F-4D86-A530-6CBB5104170C}
	EndGlobalSection
EndGlobal
